
Microsoft Visual Studio Solution File, Format Version 12.00
# Visual Studio 15
Project("{FAE04EC0-301F-11D3-BF4B-00C04F79EFBC}") = "Mentr.Android", "Mentr.Android\Mentr.Android.csproj", "{B2DA125B-D8E3-40BB-A36D-34BB5A232E18}"
EndProject
Project("{FAE04EC0-301F-11D3-BF4B-00C04F79EFBC}") = "Mentr.iOS", "Mentr.iOS\Mentr.iOS.csproj", "{1AFAEA61-DA21-4BCE-B38A-9109C4406FB5}"
EndProject
Project("{FAE04EC0-301F-11D3-BF4B-00C04F79EFBC}") = "Mentr", "Mentr\Mentr.csproj", "{93F58858-FA65-4005-84AE-78EB320057EE}"
EndProject
Global
	GlobalSection(SolutionConfigurationPlatforms) = preSolution
		Debug|Any CPU = Debug|Any CPU
		Release|Any CPU = Release|Any CPU
		Debug|iPhoneSimulator = Debug|iPhoneSimulator
		Release|iPhoneSimulator = Release|iPhoneSimulator
		Debug|iPhone = Debug|iPhone
		Release|iPhone = Release|iPhone
	EndGlobalSection
	GlobalSection(ProjectConfigurationPlatforms) = postSolution
		{B2DA125B-D8E3-40BB-A36D-34BB5A232E18}.Debug|Any CPU.ActiveCfg = Debug|Any CPU
		{B2DA125B-D8E3-40BB-A36D-34BB5A232E18}.Debug|Any CPU.Build.0 = Debug|Any CPU
		{B2DA125B-D8E3-40BB-A36D-34BB5A232E18}.Release|Any CPU.ActiveCfg = Release|Any CPU
		{B2DA125B-D8E3-40BB-A36D-34BB5A232E18}.Release|Any CPU.Build.0 = Release|Any CPU
		{B2DA125B-D8E3-40BB-A36D-34BB5A232E18}.Debug|iPhoneSimulator.ActiveCfg = Debug|Any CPU
		{B2DA125B-D8E3-40BB-A36D-34BB5A232E18}.Debug|iPhoneSimulator.Build.0 = Debug|Any CPU
		{B2DA125B-D8E3-40BB-A36D-34BB5A232E18}.Release|iPhoneSimulator.ActiveCfg = Release|Any CPU
		{B2DA125B-D8E3-40BB-A36D-34BB5A232E18}.Release|iPhoneSimulator.Build.0 = Release|Any CPU
		{B2DA125B-D8E3-40BB-A36D-34BB5A232E18}.Debug|iPhone.ActiveCfg = Debug|Any CPU
		{B2DA125B-D8E3-40BB-A36D-34BB5A232E18}.Debug|iPhone.Build.0 = Debug|Any CPU
		{B2DA125B-D8E3-40BB-A36D-34BB5A232E18}.Release|iPhone.ActiveCfg = Release|Any CPU
		{B2DA125B-D8E3-40BB-A36D-34BB5A232E18}.Release|iPhone.Build.0 = Release|Any CPU
		{1AFAEA61-DA21-4BCE-B38A-9109C4406FB5}.Debug|Any CPU.ActiveCfg = Debug|iPhoneSimulator
		{1AFAEA61-DA21-4BCE-B38A-9109C4406FB5}.Debug|Any CPU.Build.0 = Debug|iPhoneSimulator
		{1AFAEA61-DA21-4BCE-B38A-9109C4406FB5}.Release|Any CPU.ActiveCfg = Release|iPhoneSimulator
		{1AFAEA61-DA21-4BCE-B38A-9109C4406FB5}.Release|Any CPU.Build.0 = Release|iPhoneSimulator
		{1AFAEA61-DA21-4BCE-B38A-9109C4406FB5}.Debug|iPhoneSimulator.ActiveCfg = Debug|iPhoneSimulator
		{1AFAEA61-DA21-4BCE-B38A-9109C4406FB5}.Debug|iPhoneSimulator.Build.0 = Debug|iPhoneSimulator
		{1AFAEA61-DA21-4BCE-B38A-9109C4406FB5}.Release|iPhoneSimulator.ActiveCfg = Release|iPhoneSimulator
		{1AFAEA61-DA21-4BCE-B38A-9109C4406FB5}.Release|iPhoneSimulator.Build.0 = Release|iPhoneSimulator
		{1AFAEA61-DA21-4BCE-B38A-9109C4406FB5}.Debug|iPhone.ActiveCfg = Debug|iPhone
		{1AFAEA61-DA21-4BCE-B38A-9109C4406FB5}.Debug|iPhone.Build.0 = Debug|iPhone
		{1AFAEA61-DA21-4BCE-B38A-9109C4406FB5}.Release|iPhone.ActiveCfg = Release|iPhone
		{1AFAEA61-DA21-4BCE-B38A-9109C4406FB5}.Release|iPhone.Build.0 = Release|iPhone
		{93F58858-FA65-4005-84AE-78EB320057EE}.Debug|Any CPU.ActiveCfg = Debug|Any CPU
		{93F58858-FA65-4005-84AE-78EB320057EE}.Debug|Any CPU.Build.0 = Debug|Any CPU
		{93F58858-FA65-4005-84AE-78EB320057EE}.Release|Any CPU.ActiveCfg = Release|Any CPU
		{93F58858-FA65-4005-84AE-78EB320057EE}.Release|Any CPU.Build.0 = Release|Any CPU
		{93F58858-FA65-4005-84AE-78EB320057EE}.Debug|iPhoneSimulator.ActiveCfg = Debug|Any CPU
		{93F58858-FA65-4005-84AE-78EB320057EE}.Debug|iPhoneSimulator.Build.0 = Debug|Any CPU
		{93F58858-FA65-4005-84AE-78EB320057EE}.Release|iPhoneSimulator.ActiveCfg = Release|Any CPU
		{93F58858-FA65-4005-84AE-78EB320057EE}.Release|iPhoneSimulator.Build.0 = Release|Any CPU
		{93F58858-FA65-4005-84AE-78EB320057EE}.Debug|iPhone.ActiveCfg = Debug|Any CPU
		{93F58858-FA65-4005-84AE-78EB320057EE}.Debug|iPhone.Build.0 = Debug|Any CPU
		{93F58858-FA65-4005-84AE-78EB320057EE}.Release|iPhone.ActiveCfg = Release|Any CPU
		{93F58858-FA65-4005-84AE-78EB320057EE}.Release|iPhone.Build.0 = Release|Any CPU
	EndGlobalSection
EndGlobal
